
Microsoft Visual Studio Solution File, Format Version 12.00
# Visual Studio Version 17
VisualStudioVersion = 17.14.37411.7
MinimumVisualStudioVersion = 10.0.40219.1
Project("{8BC9CEB8-8B4A-11D0-8D11-00A0C91BC942}") = "vid_ocv_ix", "vid_ocv_ix.vcxproj", "{101117E1-F83E-4795-B397-6BCCEBD350BE}"
EndProject
Global
	GlobalSection(SolutionConfigurationPlatforms) = preSolution
		Debug|ARM = Debug|ARM
		Debug|ARM64 = Debug|ARM64
		Debug|x64 = Debug|x64
		Debug|x86 = Debug|x86
		Release|ARM = Release|ARM
		Release|ARM64 = Release|ARM64
		Release|x64 = Release|x64
		Release|x86 = Release|x86
	EndGlobalSection
	GlobalSection(ProjectConfigurationPlatforms) = postSolution
		{101117E1-F83E-4795-B397-6BCCEBD350BE}.Debug|ARM.ActiveCfg = Debug|ARM
		{101117E1-F83E-4795-B397-6BCCEBD350BE}.Debug|ARM.Build.0 = Debug|ARM
		{101117E1-F83E-4795-B397-6BCCEBD350BE}.Debug|ARM.Deploy.0 = Debug|ARM
		{101117E1-F83E-4795-B397-6BCCEBD350BE}.Debug|ARM64.ActiveCfg = Debug|ARM64
		{101117E1-F83E-4795-B397-6BCCEBD350BE}.Debug|ARM64.Build.0 = Debug|ARM64
		{101117E1-F83E-4795-B397-6BCCEBD350BE}.Debug|ARM64.Deploy.0 = Debug|ARM64
		{101117E1-F83E-4795-B397-6BCCEBD350BE}.Debug|x64.ActiveCfg = Debug|x64
		{101117E1-F83E-4795-B397-6BCCEBD350BE}.Debug|x64.Build.0 = Debug|x64
		{101117E1-F83E-4795-B397-6BCCEBD350BE}.Debug|x64.Deploy.0 = Debug|x64
		{101117E1-F83E-4795-B397-6BCCEBD350BE}.Debug|x86.ActiveCfg = Debug|x86
		{101117E1-F83E-4795-B397-6BCCEBD350BE}.Debug|x86.Build.0 = Debug|x86
		{101117E1-F83E-4795-B397-6BCCEBD350BE}.Debug|x86.Deploy.0 = Debug|x86
		{101117E1-F83E-4795-B397-6BCCEBD350BE}.Release|ARM.ActiveCfg = Release|ARM
		{101117E1-F83E-4795-B397-6BCCEBD350BE}.Release|ARM.Build.0 = Release|ARM
		{101117E1-F83E-4795-B397-6BCCEBD350BE}.Release|ARM.Deploy.0 = Release|ARM
		{101117E1-F83E-4795-B397-6BCCEBD350BE}.Release|ARM64.ActiveCfg = Release|ARM64
		{101117E1-F83E-4795-B397-6BCCEBD350BE}.Release|ARM64.Build.0 = Release|ARM64
		{101117E1-F83E-4795-B397-6BCCEBD350BE}.Release|ARM64.Deploy.0 = Release|ARM64
		{101117E1-F83E-4795-B397-6BCCEBD350BE}.Release|x64.ActiveCfg = Release|x64
		{101117E1-F83E-4795-B397-6BCCEBD350BE}.Release|x64.Build.0 = Release|x64
		{101117E1-F83E-4795-B397-6BCCEBD350BE}.Release|x64.Deploy.0 = Release|x64
		{101117E1-F83E-4795-B397-6BCCEBD350BE}.Release|x86.ActiveCfg = Release|x86
		{101117E1-F83E-4795-B397-6BCCEBD350BE}.Release|x86.Build.0 = Release|x86
		{101117E1-F83E-4795-B397-6BCCEBD350BE}.Release|x86.Deploy.0 = Release|x86
	EndGlobalSection
	GlobalSection(SolutionProperties) = preSolution
		HideSolutionNode = FALSE
	EndGlobalSection
	GlobalSection(ExtensibilityGlobals) = postSolution
		SolutionGuid = {98C602CA-049D-4B35-97FC-806661D563A9}
	EndGlobalSection
EndGlobal
